
Microsoft Visual Studio Solution File, Format Version 12.00
# Visual Studio Version 17
VisualStudioVersion = 17.0.31912.275
MinimumVisualStudioVersion = 10.0.40219.1
Project("{FAE04EC0-301F-11D3-BF4B-00C04F79EFBC}") = "sample-net", "sample-net\sample-net.csproj", "{CD30778B-CF54-4080-8A7A-7EC68DDCE9DB}"
EndProject
Global
	GlobalSection(SolutionConfigurationPlatforms) = preSolution
		Debug|Any CPU = Debug|Any CPU
		Release|Any CPU = Release|Any CPU
	EndGlobalSection
	GlobalSection(ProjectConfigurationPlatforms) = postSolution
		{CD30778B-CF54-4080-8A7A-7EC68DDCE9DB}.Debug|Any CPU.ActiveCfg = Debug|Any CPU
		{CD30778B-CF54-4080-8A7A-7EC68DDCE9DB}.Debug|Any CPU.Build.0 = Debug|Any CPU
		{CD30778B-CF54-4080-8A7A-7EC68DDCE9DB}.Release|Any CPU.ActiveCfg = Release|Any CPU
		{CD30778B-CF54-4080-8A7A-7EC68DDCE9DB}.Release|Any CPU.Build.0 = Release|Any CPU
	EndGlobalSection
	GlobalSection(SolutionProperties) = preSolution
		HideSolutionNode = FALSE
	EndGlobalSection
	GlobalSection(ExtensibilityGlobals) = postSolution
		SolutionGuid = {119D6878-28CC-4546-B3C5-5D708F6B00FC}
	EndGlobalSection
EndGlobal
